// !$*UTF8*$!
{
	archiveVersion = 1;
	classes = {
	};
	objectVersion = 48;
	objects = {

/* Begin PBXBuildFile section */
		C06AF2912021F33800A4FBEA /* NumbersViewController.swift in Sources */ = {isa = PBXBuildFile; fileRef = C06AF2902021F33800A4FBEA /* NumbersViewController.swift */; };
		C06DE099202138FF004FDD55 /* EAScrollBar.framework in Frameworks */ = {isa = PBXBuildFile; fileRef = C06DE08F202138FF004FDD55 /* EAScrollBar.framework */; };
		C06DE09E202138FF004FDD55 /* EAScrollBarTests.swift in Sources */ = {isa = PBXBuildFile; fileRef = C06DE09D202138FF004FDD55 /* EAScrollBarTests.swift */; };
		C06DE0A0202138FF004FDD55 /* EAScrollBar.h in Headers */ = {isa = PBXBuildFile; fileRef = C06DE092202138FF004FDD55 /* EAScrollBar.h */; settings = {ATTRIBUTES = (Public, ); }; };
		C06DE0AC20213FEE004FDD55 /* EAIndicatorBackground.swift in Sources */ = {isa = PBXBuildFile; fileRef = C06DE0A920213FEE004FDD55 /* EAIndicatorBackground.swift */; };
		C06DE0AD20213FEE004FDD55 /* EAIndicator.swift in Sources */ = {isa = PBXBuildFile; fileRef = C06DE0AA20213FEE004FDD55 /* EAIndicator.swift */; };
		C06DE0AE20213FEE004FDD55 /* EAScrollIndicator.swift in Sources */ = {isa = PBXBuildFile; fileRef = C06DE0AB20213FEE004FDD55 /* EAScrollIndicator.swift */; };
		C06DE0BF20214C47004FDD55 /* AppDelegate.swift in Sources */ = {isa = PBXBuildFile; fileRef = C06DE0BE20214C47004FDD55 /* AppDelegate.swift */; };
		C06DE0C420214C47004FDD55 /* Main.storyboard in Resources */ = {isa = PBXBuildFile; fileRef = C06DE0C220214C47004FDD55 /* Main.storyboard */; };
		C06DE0C620214C47004FDD55 /* Assets.xcassets in Resources */ = {isa = PBXBuildFile; fileRef = C06DE0C520214C47004FDD55 /* Assets.xcassets */; };
		C06DE0C920214C47004FDD55 /* LaunchScreen.storyboard in Resources */ = {isa = PBXBuildFile; fileRef = C06DE0C720214C47004FDD55 /* LaunchScreen.storyboard */; };
		C06DE0D420214C47004FDD55 /* EAScrollBar_ExampleTests.swift in Sources */ = {isa = PBXBuildFile; fileRef = C06DE0D320214C47004FDD55 /* EAScrollBar_ExampleTests.swift */; };
		C06DE0DF20214C47004FDD55 /* EAScrollBar_ExampleUITests.swift in Sources */ = {isa = PBXBuildFile; fileRef = C06DE0DE20214C47004FDD55 /* EAScrollBar_ExampleUITests.swift */; };
		C09065792023FCFB00F5D61F /* EAScrollTitleView.swift in Sources */ = {isa = PBXBuildFile; fileRef = C09065782023FCFB00F5D61F /* EAScrollTitleView.swift */; };
		C09A6485209366C800A915FE /* EAIndicatorPath.swift in Sources */ = {isa = PBXBuildFile; fileRef = C09A6484209366C800A915FE /* EAIndicatorPath.swift */; };
		C09A648720938D5400A915FE /* EAIndicatorExtensions.swift in Sources */ = {isa = PBXBuildFile; fileRef = C09A648620938D5400A915FE /* EAIndicatorExtensions.swift */; };
		C0E1D3242023BF05003FAA70 /* EAScrollBar.framework in Frameworks */ = {isa = PBXBuildFile; fileRef = C06DE08F202138FF004FDD55 /* EAScrollBar.framework */; };
		C0E1D3252023BF05003FAA70 /* EAScrollBar.framework in Embed Frameworks */ = {isa = PBXBuildFile; fileRef = C06DE08F202138FF004FDD55 /* EAScrollBar.framework */; settings = {ATTRIBUTES = (CodeSignOnCopy, RemoveHeadersOnCopy, ); }; };
		C0E1D32A2023BFD0003FAA70 /* EAIndicatorPoint.swift in Sources */ = {isa = PBXBuildFile; fileRef = C0E1D3222023B1A9003FAA70 /* EAIndicatorPoint.swift */; };
/* End PBXBuildFile section */

/* Begin PBXContainerItemProxy section */
		C06DE09A202138FF004FDD55 /* PBXContainerItemProxy */ = {
			isa = PBXContainerItemProxy;
			containerPortal = C06DE086202138FF004FDD55 /* Project object */;
			proxyType = 1;
			remoteGlobalIDString = C06DE08E202138FF004FDD55;
			remoteInfo = EAScrollBar;
		};
		C06DE0D020214C47004FDD55 /* PBXContainerItemProxy */ = {
			isa = PBXContainerItemProxy;
			containerPortal = C06DE086202138FF004FDD55 /* Project object */;
			proxyType = 1;
			remoteGlobalIDString = C06DE0BB20214C47004FDD55;
			remoteInfo = "EAScrollBar-Example";
		};
		C06DE0DB20214C47004FDD55 /* PBXContainerItemProxy */ = {
			isa = PBXContainerItemProxy;
			containerPortal = C06DE086202138FF004FDD55 /* Project object */;
			proxyType = 1;
			remoteGlobalIDString = C06DE0BB20214C47004FDD55;
			remoteInfo = "EAScrollBar-Example";
		};
		C0E1D3262023BF05003FAA70 /* PBXContainerItemProxy */ = {
			isa = PBXContainerItemProxy;
			containerPortal = C06DE086202138FF004FDD55 /* Project object */;
			proxyType = 1;
			remoteGlobalIDString = C06DE08E202138FF004FDD55;
			remoteInfo = EAScrollBar;
		};
/* End PBXContainerItemProxy section */

/* Begin PBXCopyFilesBuildPhase section */
		C0E1D3282023BF05003FAA70 /* Embed Frameworks */ = {
			isa = PBXCopyFilesBuildPhase;
			buildActionMask = 2147483647;
			dstPath = "";
			dstSubfolderSpec = 10;
			files = (
				C0E1D3252023BF05003FAA70 /* EAScrollBar.framework in Embed Frameworks */,
			);
			name = "Embed Frameworks";
			runOnlyForDeploymentPostprocessing = 0;
		};
/* End PBXCopyFilesBuildPhase section */

/* Begin PBXFileReference section */
		C06AF2902021F33800A4FBEA /* NumbersViewController.swift */ = {isa = PBXFileReference; lastKnownFileType = sourcecode.swift; path = NumbersViewController.swift; sourceTree = "<group>"; };
		C06DE08F202138FF004FDD55 /* EAScrollBar.framework */ = {isa = PBXFileReference; explicitFileType = wrapper.framework; includeInIndex = 0; path = EAScrollBar.framework; sourceTree = BUILT_PRODUCTS_DIR; };
		C06DE092202138FF004FDD55 /* EAScrollBar.h */ = {isa = PBXFileReference; lastKnownFileType = sourcecode.c.h; path = EAScrollBar.h; sourceTree = "<group>"; };
		C06DE093202138FF004FDD55 /* Info.plist */ = {isa = PBXFileReference; lastKnownFileType = text.plist.xml; path = Info.plist; sourceTree = "<group>"; };
		C06DE098202138FF004FDD55 /* EAScrollBarTests.xctest */ = {isa = PBXFileReference; explicitFileType = wrapper.cfbundle; includeInIndex = 0; path = EAScrollBarTests.xctest; sourceTree = BUILT_PRODUCTS_DIR; };
		C06DE09D202138FF004FDD55 /* EAScrollBarTests.swift */ = {isa = PBXFileReference; lastKnownFileType = sourcecode.swift; path = EAScrollBarTests.swift; sourceTree = "<group>"; };
		C06DE09F202138FF004FDD55 /* Info.plist */ = {isa = PBXFileReference; lastKnownFileType = text.plist.xml; path = Info.plist; sourceTree = "<group>"; };
		C06DE0A920213FEE004FDD55 /* EAIndicatorBackground.swift */ = {isa = PBXFileReference; fileEncoding = 4; lastKnownFileType = sourcecode.swift; path = EAIndicatorBackground.swift; sourceTree = "<group>"; };
		C06DE0AA20213FEE004FDD55 /* EAIndicator.swift */ = {isa = PBXFileReference; fileEncoding = 4; lastKnownFileType = sourcecode.swift; path = EAIndicator.swift; sourceTree = "<group>"; };
		C06DE0AB20213FEE004FDD55 /* EAScrollIndicator.swift */ = {isa = PBXFileReference; fileEncoding = 4; lastKnownFileType = sourcecode.swift; path = EAScrollIndicator.swift; sourceTree = "<group>"; };
		C06DE0BC20214C47004FDD55 /* EAScrollBar-Example.app */ = {isa = PBXFileReference; explicitFileType = wrapper.application; includeInIndex = 0; path = "EAScrollBar-Example.app"; sourceTree = BUILT_PRODUCTS_DIR; };
		C06DE0BE20214C47004FDD55 /* AppDelegate.swift */ = {isa = PBXFileReference; lastKnownFileType = sourcecode.swift; path = AppDelegate.swift; sourceTree = "<group>"; };
		C06DE0C320214C47004FDD55 /* Base */ = {isa = PBXFileReference; lastKnownFileType = file.storyboard; name = Base; path = Base.lproj/Main.storyboard; sourceTree = "<group>"; };
		C06DE0C520214C47004FDD55 /* Assets.xcassets */ = {isa = PBXFileReference; lastKnownFileType = folder.assetcatalog; path = Assets.xcassets; sourceTree = "<group>"; };
		C06DE0C820214C47004FDD55 /* Base */ = {isa = PBXFileReference; lastKnownFileType = file.storyboard; name = Base; path = Base.lproj/LaunchScreen.storyboard; sourceTree = "<group>"; };
		C06DE0CA20214C47004FDD55 /* Info.plist */ = {isa = PBXFileReference; lastKnownFileType = text.plist.xml; path = Info.plist; sourceTree = "<group>"; };
		C06DE0CF20214C47004FDD55 /* EAScrollBar-ExampleTests.xctest */ = {isa = PBXFileReference; explicitFileType = wrapper.cfbundle; includeInIndex = 0; path = "EAScrollBar-ExampleTests.xctest"; sourceTree = BUILT_PRODUCTS_DIR; };
		C06DE0D320214C47004FDD55 /* EAScrollBar_ExampleTests.swift */ = {isa = PBXFileReference; lastKnownFileType = sourcecode.swift; path = EAScrollBar_ExampleTests.swift; sourceTree = "<group>"; };
		C06DE0D520214C47004FDD55 /* Info.plist */ = {isa = PBXFileReference; lastKnownFileType = text.plist.xml; path = Info.plist; sourceTree = "<group>"; };
		C06DE0DA20214C47004FDD55 /* EAScrollBar-ExampleUITests.xctest */ = {isa = PBXFileReference; explicitFileType = wrapper.cfbundle; includeInIndex = 0; path = "EAScrollBar-ExampleUITests.xctest"; sourceTree = BUILT_PRODUCTS_DIR; };
		C06DE0DE20214C47004FDD55 /* EAScrollBar_ExampleUITests.swift */ = {isa = PBXFileReference; lastKnownFileType = sourcecode.swift; path = EAScrollBar_ExampleUITests.swift; sourceTree = "<group>"; };
		C06DE0E020214C47004FDD55 /* Info.plist */ = {isa = PBXFileReference; lastKnownFileType = text.plist.xml; path = Info.plist; sourceTree = "<group>"; };
		C09065782023FCFB00F5D61F /* EAScrollTitleView.swift */ = {isa = PBXFileReference; lastKnownFileType = sourcecode.swift; path = EAScrollTitleView.swift; sourceTree = "<group>"; };
		C09A6484209366C800A915FE /* EAIndicatorPath.swift */ = {isa = PBXFileReference; lastKnownFileType = sourcecode.swift; path = EAIndicatorPath.swift; sourceTree = "<group>"; };
		C09A648620938D5400A915FE /* EAIndicatorExtensions.swift */ = {isa = PBXFileReference; lastKnownFileType = sourcecode.swift; path = EAIndicatorExtensions.swift; sourceTree = "<group>"; };
		C0E1D3222023B1A9003FAA70 /* EAIndicatorPoint.swift */ = {isa = PBXFileReference; fileEncoding = 4; lastKnownFileType = sourcecode.swift; path = EAIndicatorPoint.swift; sourceTree = "<group>"; };
/* End PBXFileReference section */

/* Begin PBXFrameworksBuildPhase section */
		C06DE08B202138FF004FDD55 /* Frameworks */ = {
			isa = PBXFrameworksBuildPhase;
			buildActionMask = 2147483647;
			files = (
			);
			runOnlyForDeploymentPostprocessing = 0;
		};
		C06DE095202138FF004FDD55 /* Frameworks */ = {
			isa = PBXFrameworksBuildPhase;
			buildActionMask = 2147483647;
			files = (
				C06DE099202138FF004FDD55 /* EAScrollBar.framework in Frameworks */,
			);
			runOnlyForDeploymentPostprocessing = 0;
		};
		C06DE0B920214C47004FDD55 /* Frameworks */ = {
			isa = PBXFrameworksBuildPhase;
			buildActionMask = 2147483647;
			files = (
				C0E1D3242023BF05003FAA70 /* EAScrollBar.framework in Frameworks */,
			);
			runOnlyForDeploymentPostprocessing = 0;
		};
		C06DE0CC20214C47004FDD55 /* Frameworks */ = {
			isa = PBXFrameworksBuildPhase;
			buildActionMask = 2147483647;
			files = (
			);
			runOnlyForDeploymentPostprocessing = 0;
		};
		C06DE0D720214C47004FDD55 /* Frameworks */ = {
			isa = PBXFrameworksBuildPhase;
			buildActionMask = 2147483647;
			files = (
			);
			runOnlyForDeploymentPostprocessing = 0;
		};
/* End PBXFrameworksBuildPhase section */

/* Begin PBXGroup section */
		C06DE085202138FF004FDD55 = {
			isa = PBXGroup;
			children = (
				C06DE0BD20214C47004FDD55 /* EAScrollBar-Example */,
				C06DE091202138FF004FDD55 /* EAScrollBar */,
				C06DE09C202138FF004FDD55 /* EAScrollBarTests */,
				C06DE0D220214C47004FDD55 /* EAScrollBar-ExampleTests */,
				C06DE0DD20214C47004FDD55 /* EAScrollBar-ExampleUITests */,
				C06DE090202138FF004FDD55 /* Products */,
				C06DE0ED20214D76004FDD55 /* Frameworks */,
			);
			sourceTree = "<group>";
		};
		C06DE090202138FF004FDD55 /* Products */ = {
			isa = PBXGroup;
			children = (
				C06DE08F202138FF004FDD55 /* EAScrollBar.framework */,
				C06DE098202138FF004FDD55 /* EAScrollBarTests.xctest */,
				C06DE0BC20214C47004FDD55 /* EAScrollBar-Example.app */,
				C06DE0CF20214C47004FDD55 /* EAScrollBar-ExampleTests.xctest */,
				C06DE0DA20214C47004FDD55 /* EAScrollBar-ExampleUITests.xctest */,
			);
			name = Products;
			sourceTree = "<group>";
		};
		C06DE091202138FF004FDD55 /* EAScrollBar */ = {
			isa = PBXGroup;
			children = (
				C06DE092202138FF004FDD55 /* EAScrollBar.h */,
				C06DE0AF20213FF3004FDD55 /* EAScrollBar */,
				C06DE093202138FF004FDD55 /* Info.plist */,
			);
			path = EAScrollBar;
			sourceTree = "<group>";
		};
		C06DE09C202138FF004FDD55 /* EAScrollBarTests */ = {
			isa = PBXGroup;
			children = (
				C06DE09D202138FF004FDD55 /* EAScrollBarTests.swift */,
				C06DE09F202138FF004FDD55 /* Info.plist */,
			);
			path = EAScrollBarTests;
			sourceTree = "<group>";
		};
		C06DE0AF20213FF3004FDD55 /* EAScrollBar */ = {
			isa = PBXGroup;
			children = (
				C06DE0AB20213FEE004FDD55 /* EAScrollIndicator.swift */,
				C09A648620938D5400A915FE /* EAIndicatorExtensions.swift */,
				C06DE0AA20213FEE004FDD55 /* EAIndicator.swift */,
				C06DE0A920213FEE004FDD55 /* EAIndicatorBackground.swift */,
				C0E1D3222023B1A9003FAA70 /* EAIndicatorPoint.swift */,
				C09A6484209366C800A915FE /* EAIndicatorPath.swift */,
				C09065782023FCFB00F5D61F /* EAScrollTitleView.swift */,
			);
			path = EAScrollBar;
			sourceTree = "<group>";
		};
		C06DE0BD20214C47004FDD55 /* EAScrollBar-Example */ = {
			isa = PBXGroup;
			children = (
				C06DE0BE20214C47004FDD55 /* AppDelegate.swift */,
				C06AF2902021F33800A4FBEA /* NumbersViewController.swift */,
				C06DE0C220214C47004FDD55 /* Main.storyboard */,
				C06DE0C520214C47004FDD55 /* Assets.xcassets */,
				C06DE0C720214C47004FDD55 /* LaunchScreen.storyboard */,
				C06DE0CA20214C47004FDD55 /* Info.plist */,
			);
			path = "EAScrollBar-Example";
			sourceTree = "<group>";
		};
		C06DE0D220214C47004FDD55 /* EAScrollBar-ExampleTests */ = {
			isa = PBXGroup;
			children = (
				C06DE0D320214C47004FDD55 /* EAScrollBar_ExampleTests.swift */,
				C06DE0D520214C47004FDD55 /* Info.plist */,
			);
			path = "EAScrollBar-ExampleTests";
			sourceTree = "<group>";
		};
		C06DE0DD20214C47004FDD55 /* EAScrollBar-ExampleUITests */ = {
			isa = PBXGroup;
			children = (
				C06DE0DE20214C47004FDD55 /* EAScrollBar_ExampleUITests.swift */,
				C06DE0E020214C47004FDD55 /* Info.plist */,
			);
			path = "EAScrollBar-ExampleUITests";
			sourceTree = "<group>";
		};
		C06DE0ED20214D76004FDD55 /* Frameworks */ = {
			isa = PBXGroup;
			children = (
			);
			name = Frameworks;
			sourceTree = "<group>";
		};
/* End PBXGroup section */

/* Begin PBXHeadersBuildPhase section */
		C06DE08C202138FF004FDD55 /* Headers */ = {
			isa = PBXHeadersBuildPhase;
			buildActionMask = 2147483647;
			files = (
				C06DE0A0202138FF004FDD55 /* EAScrollBar.h in Headers */,
			);
			runOnlyForDeploymentPostprocessing = 0;
		};
/* End PBXHeadersBuildPhase section */

/* Begin PBXNativeTarget section */
		C06DE08E202138FF004FDD55 /* EAScrollBar */ = {
			isa = PBXNativeTarget;
			buildConfigurationList = C06DE0A3202138FF004FDD55 /* Build configuration list for PBXNativeTarget "EAScrollBar" */;
			buildPhases = (
				C06DE08A202138FF004FDD55 /* Sources */,
				C06DE08B202138FF004FDD55 /* Frameworks */,
				C06DE08C202138FF004FDD55 /* Headers */,
				C06DE08D202138FF004FDD55 /* Resources */,
			);
			buildRules = (
			);
			dependencies = (
			);
			name = EAScrollBar;
			productName = EAScrollBar;
			productReference = C06DE08F202138FF004FDD55 /* EAScrollBar.framework */;
			productType = "com.apple.product-type.framework";
		};
		C06DE097202138FF004FDD55 /* EAScrollBarTests */ = {
			isa = PBXNativeTarget;
			buildConfigurationList = C06DE0A6202138FF004FDD55 /* Build configuration list for PBXNativeTarget "EAScrollBarTests" */;
			buildPhases = (
				C06DE094202138FF004FDD55 /* Sources */,
				C06DE095202138FF004FDD55 /* Frameworks */,
				C06DE096202138FF004FDD55 /* Resources */,
			);
			buildRules = (
			);
			dependencies = (
				C06DE09B202138FF004FDD55 /* PBXTargetDependency */,
			);
			name = EAScrollBarTests;
			productName = EAScrollBarTests;
			productReference = C06DE098202138FF004FDD55 /* EAScrollBarTests.xctest */;
			productType = "com.apple.product-type.bundle.unit-test";
		};
		C06DE0BB20214C47004FDD55 /* EAScrollBar-Example */ = {
			isa = PBXNativeTarget;
			buildConfigurationList = C06DE0E120214C47004FDD55 /* Build configuration list for PBXNativeTarget "EAScrollBar-Example" */;
			buildPhases = (
				C06DE0B820214C47004FDD55 /* Sources */,
				C06DE0B920214C47004FDD55 /* Frameworks */,
				C06DE0BA20214C47004FDD55 /* Resources */,
				C0E1D3282023BF05003FAA70 /* Embed Frameworks */,
			);
			buildRules = (
			);
			dependencies = (
				C0E1D3272023BF05003FAA70 /* PBXTargetDependency */,
			);
			name = "EAScrollBar-Example";
			productName = "EAScrollBar-Example";
			productReference = C06DE0BC20214C47004FDD55 /* EAScrollBar-Example.app */;
			productType = "com.apple.product-type.application";
		};
		C06DE0CE20214C47004FDD55 /* EAScrollBar-ExampleTests */ = {
			isa = PBXNativeTarget;
			buildConfigurationList = C06DE0E420214C47004FDD55 /* Build configuration list for PBXNativeTarget "EAScrollBar-ExampleTests" */;
			buildPhases = (
				C06DE0CB20214C47004FDD55 /* Sources */,
				C06DE0CC20214C47004FDD55 /* Frameworks */,
				C06DE0CD20214C47004FDD55 /* Resources */,
			);
			buildRules = (
			);
			dependencies = (
				C06DE0D120214C47004FDD55 /* PBXTargetDependency */,
			);
			name = "EAScrollBar-ExampleTests";
			productName = "EAScrollBar-ExampleTests";
			productReference = C06DE0CF20214C47004FDD55 /* EAScrollBar-ExampleTests.xctest */;
			productType = "com.apple.product-type.bundle.unit-test";
		};
		C06DE0D920214C47004FDD55 /* EAScrollBar-ExampleUITests */ = {
			isa = PBXNativeTarget;
			buildConfigurationList = C06DE0E720214C47004FDD55 /* Build configuration list for PBXNativeTarget "EAScrollBar-ExampleUITests" */;
			buildPhases = (
				C06DE0D620214C47004FDD55 /* Sources */,
				C06DE0D720214C47004FDD55 /* Frameworks */,
				C06DE0D820214C47004FDD55 /* Resources */,
			);
			buildRules = (
			);
			dependencies = (
				C06DE0DC20214C47004FDD55 /* PBXTargetDependency */,
			);
			name = "EAScrollBar-ExampleUITests";
			productName = "EAScrollBar-ExampleUITests";
			productReference = C06DE0DA20214C47004FDD55 /* EAScrollBar-ExampleUITests.xctest */;
			productType = "com.apple.product-type.bundle.ui-testing";
		};
/* End PBXNativeTarget section */

/* Begin PBXProject section */
		C06DE086202138FF004FDD55 /* Project object */ = {
			isa = PBXProject;
			attributes = {
				LastSwiftUpdateCheck = 0920;
				LastUpgradeCheck = 0920;
				ORGANIZATIONNAME = "Ehud Adler";
				TargetAttributes = {
					C06DE08E202138FF004FDD55 = {
						CreatedOnToolsVersion = 9.2;
						LastSwiftMigration = 0920;
						ProvisioningStyle = Automatic;
					};
					C06DE097202138FF004FDD55 = {
						CreatedOnToolsVersion = 9.2;
						ProvisioningStyle = Automatic;
					};
					C06DE0BB20214C47004FDD55 = {
						CreatedOnToolsVersion = 9.2;
						ProvisioningStyle = Automatic;
					};
					C06DE0CE20214C47004FDD55 = {
						CreatedOnToolsVersion = 9.2;
						ProvisioningStyle = Automatic;
						TestTargetID = C06DE0BB20214C47004FDD55;
					};
					C06DE0D920214C47004FDD55 = {
						CreatedOnToolsVersion = 9.2;
						ProvisioningStyle = Automatic;
						TestTargetID = C06DE0BB20214C47004FDD55;
					};
				};
			};
			buildConfigurationList = C06DE089202138FF004FDD55 /* Build configuration list for PBXProject "EAScrollBar" */;
			compatibilityVersion = "Xcode 8.0";
			developmentRegion = en;
			hasScannedForEncodings = 0;
			knownRegions = (
				en,
				Base,
			);
			mainGroup = C06DE085202138FF004FDD55;
			productRefGroup = C06DE090202138FF004FDD55 /* Products */;
			projectDirPath = "";
			projectRoot = "";
			targets = (
				C06DE0BB20214C47004FDD55 /* EAScrollBar-Example */,
				C06DE0CE20214C47004FDD55 /* EAScrollBar-ExampleTests */,
				C06DE0D920214C47004FDD55 /* EAScrollBar-ExampleUITests */,
				C06DE08E202138FF004FDD55 /* EAScrollBar */,
				C06DE097202138FF004FDD55 /* EAScrollBarTests */,
			);
		};
/* End PBXProject section */

/* Begin PBXResourcesBuildPhase section */
		C06DE08D202138FF004FDD55 /* Resources */ = {
			isa = PBXResourcesBuildPhase;
			buildActionMask = 2147483647;
			files = (
			);
			runOnlyForDeploymentPostprocessing = 0;
		};
		C06DE096202138FF004FDD55 /* Resources */ = {
			isa = PBXResourcesBuildPhase;
			buildActionMask = 2147483647;
			files = (
			);
			runOnlyForDeploymentPostprocessing = 0;
		};
		C06DE0BA20214C47004FDD55 /* Resources */ = {
			isa = PBXResourcesBuildPhase;
			buildActionMask = 2147483647;
			files = (
				C06DE0C920214C47004FDD55 /* LaunchScreen.storyboard in Resources */,
				C06DE0C620214C47004FDD55 /* Assets.xcassets in Resources */,
				C06DE0C420214C47004FDD55 /* Main.storyboard in Resources */,
			);
			runOnlyForDeploymentPostprocessing = 0;
		};
		C06DE0CD20214C47004FDD55 /* Resources */ = {
			isa = PBXResourcesBuildPhase;
			buildActionMask = 2147483647;
			files = (
			);
			runOnlyForDeploymentPostprocessing = 0;
		};
		C06DE0D820214C47004FDD55 /* Resources */ = {
			isa = PBXResourcesBuildPhase;
			buildActionMask = 2147483647;
			files = (
			);
			runOnlyForDeploymentPostprocessing = 0;
		};
/* End PBXResourcesBuildPhase section */

/* Begin PBXSourcesBuildPhase section */
		C06DE08A202138FF004FDD55 /* Sources */ = {
			isa = PBXSourcesBuildPhase;
			buildActionMask = 2147483647;
			files = (
				C0E1D32A2023BFD0003FAA70 /* EAIndicatorPoint.swift in Sources */,
				C09065792023FCFB00F5D61F /* EAScrollTitleView.swift in Sources */,
				C06DE0AC20213FEE004FDD55 /* EAIndicatorBackground.swift in Sources */,
				C06DE0AE20213FEE004FDD55 /* EAScrollIndicator.swift in Sources */,
				C09A6485209366C800A915FE /* EAIndicatorPath.swift in Sources */,
				C09A648720938D5400A915FE /* EAIndicatorExtensions.swift in Sources */,
				C06DE0AD20213FEE004FDD55 /* EAIndicator.swift in Sources */,
			);
			runOnlyForDeploymentPostprocessing = 0;
		};
		C06DE094202138FF004FDD55 /* Sources */ = {
			isa = PBXSourcesBuildPhase;
			buildActionMask = 2147483647;
			files = (
				C06DE09E202138FF004FDD55 /* EAScrollBarTests.swift in Sources */,
			);
			runOnlyForDeploymentPostprocessing = 0;
		};
		C06DE0B820214C47004FDD55 /* Sources */ = {
			isa = PBXSourcesBuildPhase;
			buildActionMask = 2147483647;
			files = (
				C06DE0BF20214C47004FDD55 /* AppDelegate.swift in Sources */,
				C06AF2912021F33800A4FBEA /* NumbersViewController.swift in Sources */,
			);
			runOnlyForDeploymentPostprocessing = 0;
		};
		C06DE0CB20214C47004FDD55 /* Sources */ = {
			isa = PBXSourcesBuildPhase;
			buildActionMask = 2147483647;
			files = (
				C06DE0D420214C47004FDD55 /* EAScrollBar_ExampleTests.swift in Sources */,
			);
			runOnlyForDeploymentPostprocessing = 0;
		};
		C06DE0D620214C47004FDD55 /* Sources */ = {
			isa = PBXSourcesBuildPhase;
			buildActionMask = 2147483647;
			files = (
				C06DE0DF20214C47004FDD55 /* EAScrollBar_ExampleUITests.swift in Sources */,
			);
			runOnlyForDeploymentPostprocessing = 0;
		};
/* End PBXSourcesBuildPhase section */

/* Begin PBXTargetDependency section */
		C06DE09B202138FF004FDD55 /* PBXTargetDependency */ = {
			isa = PBXTargetDependency;
			target = C06DE08E202138FF004FDD55 /* EAScrollBar */;
			targetProxy = C06DE09A202138FF004FDD55 /* PBXContainerItemProxy */;
		};
		C06DE0D120214C47004FDD55 /* PBXTargetDependency */ = {
			isa = PBXTargetDependency;
			target = C06DE0BB20214C47004FDD55 /* EAScrollBar-Example */;
			targetProxy = C06DE0D020214C47004FDD55 /* PBXContainerItemProxy */;
		};
		C06DE0DC20214C47004FDD55 /* PBXTargetDependency */ = {
			isa = PBXTargetDependency;
			target = C06DE0BB20214C47004FDD55 /* EAScrollBar-Example */;
			targetProxy = C06DE0DB20214C47004FDD55 /* PBXContainerItemProxy */;
		};
		C0E1D3272023BF05003FAA70 /* PBXTargetDependency */ = {
			isa = PBXTargetDependency;
			target = C06DE08E202138FF004FDD55 /* EAScrollBar */;
			targetProxy = C0E1D3262023BF05003FAA70 /* PBXContainerItemProxy */;
		};
/* End PBXTargetDependency section */

/* Begin PBXVariantGroup section */
		C06DE0C220214C47004FDD55 /* Main.storyboard */ = {
			isa = PBXVariantGroup;
			children = (
				C06DE0C320214C47004FDD55 /* Base */,
			);
			name = Main.storyboard;
			sourceTree = "<group>";
		};
		C06DE0C720214C47004FDD55 /* LaunchScreen.storyboard */ = {
			isa = PBXVariantGroup;
			children = (
				C06DE0C820214C47004FDD55 /* Base */,
			);
			name = LaunchScreen.storyboard;
			sourceTree = "<group>";
		};
/* End PBXVariantGroup section */

/* Begin XCBuildConfiguration section */
		C06DE0A1202138FF004FDD55 /* Debug */ = {
			isa = XCBuildConfiguration;
			buildSettings = {
				ALWAYS_SEARCH_USER_PATHS = NO;
				CLANG_ANALYZER_NONNULL = YES;
				CLANG_ANALYZER_NUMBER_OBJECT_CONVERSION = YES_AGGRESSIVE;
				CLANG_CXX_LANGUAGE_STANDARD = "gnu++14";
				CLANG_CXX_LIBRARY = "libc++";
				CLANG_ENABLE_MODULES = YES;
				CLANG_ENABLE_OBJC_ARC = YES;
				CLANG_WARN_BLOCK_CAPTURE_AUTORELEASING = YES;
				CLANG_WARN_BOOL_CONVERSION = YES;
				CLANG_WARN_COMMA = YES;
				CLANG_WARN_CONSTANT_CONVERSION = YES;
				CLANG_WARN_DIRECT_OBJC_ISA_USAGE = YES_ERROR;
				CLANG_WARN_DOCUMENTATION_COMMENTS = YES;
				CLANG_WARN_EMPTY_BODY = YES;
				CLANG_WARN_ENUM_CONVERSION = YES;
				CLANG_WARN_INFINITE_RECURSION = YES;
				CLANG_WARN_INT_CONVERSION = YES;
				CLANG_WARN_NON_LITERAL_NULL_CONVERSION = YES;
				CLANG_WARN_OBJC_LITERAL_CONVERSION = YES;
				CLANG_WARN_OBJC_ROOT_CLASS = YES_ERROR;
				CLANG_WARN_RANGE_LOOP_ANALYSIS = YES;
				CLANG_WARN_STRICT_PROTOTYPES = YES;
				CLANG_WARN_SUSPICIOUS_MOVE = YES;
				CLANG_WARN_UNGUARDED_AVAILABILITY = YES_AGGRESSIVE;
				CLANG_WARN_UNREACHABLE_CODE = YES;
				CLANG_WARN__DUPLICATE_METHOD_MATCH = YES;
				CODE_SIGN_IDENTITY = "iPhone Developer";
				COPY_PHASE_STRIP = NO;
				CURRENT_PROJECT_VERSION = 1;
				DEBUG_INFORMATION_FORMAT = dwarf;
				ENABLE_STRICT_OBJC_MSGSEND = YES;
				ENABLE_TESTABILITY = YES;
				GCC_C_LANGUAGE_STANDARD = gnu11;
				GCC_DYNAMIC_NO_PIC = NO;
				GCC_NO_COMMON_BLOCKS = YES;
				GCC_OPTIMIZATION_LEVEL = 0;
				GCC_PREPROCESSOR_DEFINITIONS = (
					"DEBUG=1",
					"$(inherited)",
				);
				GCC_WARN_64_TO_32_BIT_CONVERSION = YES;
				GCC_WARN_ABOUT_RETURN_TYPE = YES_ERROR;
				GCC_WARN_UNDECLARED_SELECTOR = YES;
				GCC_WARN_UNINITIALIZED_AUTOS = YES_AGGRESSIVE;
				GCC_WARN_UNUSED_FUNCTION = YES;
				GCC_WARN_UNUSED_VARIABLE = YES;
				IPHONEOS_DEPLOYMENT_TARGET = 10.0;
				MTL_ENABLE_DEBUG_INFO = YES;
				ONLY_ACTIVE_ARCH = YES;
				SDKROOT = iphoneos;
				SWIFT_ACTIVE_COMPILATION_CONDITIONS = DEBUG;
				SWIFT_OPTIMIZATION_LEVEL = "-Onone";
				VERSIONING_SYSTEM = "apple-generic";
				VERSION_INFO_PREFIX = "";
			};
			name = Debug;
		};
		C06DE0A2202138FF004FDD55 /* Release */ = {
			isa = XCBuildConfiguration;
			buildSettings = {
				ALWAYS_SEARCH_USER_PATHS = NO;
				CLANG_ANALYZER_NONNULL = YES;
				CLANG_ANALYZER_NUMBER_OBJECT_CONVERSION = YES_AGGRESSIVE;
				CLANG_CXX_LANGUAGE_STANDARD = "gnu++14";
				CLANG_CXX_LIBRARY = "libc++";
				CLANG_ENABLE_MODULES = YES;
				CLANG_ENABLE_OBJC_ARC = YES;
				CLANG_WARN_BLOCK_CAPTURE_AUTORELEASING = YES;
				CLANG_WARN_BOOL_CONVERSION = YES;
				CLANG_WARN_COMMA = YES;
				CLANG_WARN_CONSTANT_CONVERSION = YES;
				CLANG_WARN_DIRECT_OBJC_ISA_USAGE = YES_ERROR;
				CLANG_WARN_DOCUMENTATION_COMMENTS = YES;
				CLANG_WARN_EMPTY_BODY = YES;
				CLANG_WARN_ENUM_CONVERSION = YES;
				CLANG_WARN_INFINITE_RECURSION = YES;
				CLANG_WARN_INT_CONVERSION = YES;
				CLANG_WARN_NON_LITERAL_NULL_CONVERSION = YES;
				CLANG_WARN_OBJC_LITERAL_CONVERSION = YES;
				CLANG_WARN_OBJC_ROOT_CLASS = YES_ERROR;
				CLANG_WARN_RANGE_LOOP_ANALYSIS = YES;
				CLANG_WARN_STRICT_PROTOTYPES = YES;
				CLANG_WARN_SUSPICIOUS_MOVE = YES;
				CLANG_WARN_UNGUARDED_AVAILABILITY = YES_AGGRESSIVE;
				CLANG_WARN_UNREACHABLE_CODE = YES;
				CLANG_WARN__DUPLICATE_METHOD_MATCH = YES;
				CODE_SIGN_IDENTITY = "iPhone Developer";
				COPY_PHASE_STRIP = NO;
				CURRENT_PROJECT_VERSION = 1;
				DEBUG_INFORMATION_FORMAT = "dwarf-with-dsym";
				ENABLE_NS_ASSERTIONS = NO;
				ENABLE_STRICT_OBJC_MSGSEND = YES;
				GCC_C_LANGUAGE_STANDARD = gnu11;
				GCC_NO_COMMON_BLOCKS = YES;
				GCC_WARN_64_TO_32_BIT_CONVERSION = YES;
				GCC_WARN_ABOUT_RETURN_TYPE = YES_ERROR;
				GCC_WARN_UNDECLARED_SELECTOR = YES;
				GCC_WARN_UNINITIALIZED_AUTOS = YES_AGGRESSIVE;
				GCC_WARN_UNUSED_FUNCTION = YES;
				GCC_WARN_UNUSED_VARIABLE = YES;
				IPHONEOS_DEPLOYMENT_TARGET = 10.0;
				MTL_ENABLE_DEBUG_INFO = NO;
				SDKROOT = iphoneos;
				SWIFT_OPTIMIZATION_LEVEL = "-Owholemodule";
				VALIDATE_PRODUCT = YES;
				VERSIONING_SYSTEM = "apple-generic";
				VERSION_INFO_PREFIX = "";
			};
			name = Release;
		};
		C06DE0A4202138FF004FDD55 /* Debug */ = {
			isa = XCBuildConfiguration;
			buildSettings = {
				CLANG_ENABLE_MODULES = YES;
				CODE_SIGN_IDENTITY = "";
				CODE_SIGN_STYLE = Automatic;
				DEFINES_MODULE = YES;
				DEVELOPMENT_TEAM = 8T736HH745;
				DYLIB_COMPATIBILITY_VERSION = 1;
				DYLIB_CURRENT_VERSION = 1;
				DYLIB_INSTALL_NAME_BASE = "@rpath";
				INFOPLIST_FILE = EAScrollBar/Info.plist;
				INSTALL_PATH = "$(LOCAL_LIBRARY_DIR)/Frameworks";
				IPHONEOS_DEPLOYMENT_TARGET = 10.0;
				LD_RUNPATH_SEARCH_PATHS = "$(inherited) @executable_path/Frameworks @loader_path/Frameworks";
				PRODUCT_BUNDLE_IDENTIFIER = ehudadler.EAScrollBar;
				PRODUCT_NAME = "$(TARGET_NAME:c99extidentifier)";
				SKIP_INSTALL = YES;
				SWIFT_OPTIMIZATION_LEVEL = "-Onone";
				SWIFT_VERSION = 4.0;
				TARGETED_DEVICE_FAMILY = "1,2";
			};
			name = Debug;
		};
		C06DE0A5202138FF004FDD55 /* Release */ = {
			isa = XCBuildConfiguration;
			buildSettings = {
				CLANG_ENABLE_MODULES = YES;
				CODE_SIGN_IDENTITY = "";
				CODE_SIGN_STYLE = Automatic;
				DEFINES_MODULE = YES;
				DEVELOPMENT_TEAM = 8T736HH745;
				DYLIB_COMPATIBILITY_VERSION = 1;
				DYLIB_CURRENT_VERSION = 1;
				DYLIB_INSTALL_NAME_BASE = "@rpath";
				INFOPLIST_FILE = EAScrollBar/Info.plist;
				INSTALL_PATH = "$(LOCAL_LIBRARY_DIR)/Frameworks";
				IPHONEOS_DEPLOYMENT_TARGET = 10.0;
				LD_RUNPATH_SEARCH_PATHS = "$(inherited) @executable_path/Frameworks @loader_path/Frameworks";
				PRODUCT_BUNDLE_IDENTIFIER = ehudadler.EAScrollBar;
				PRODUCT_NAME = "$(TARGET_NAME:c99extidentifier)";
				SKIP_INSTALL = YES;
				SWIFT_VERSION = 4.0;
				TARGETED_DEVICE_FAMILY = "1,2";
			};
			name = Release;
		};
		C06DE0A7202138FF004FDD55 /* Debug */ = {
			isa = XCBuildConfiguration;
			buildSettings = {
				ALWAYS_EMBED_SWIFT_STANDARD_LIBRARIES = YES;
				CODE_SIGN_STYLE = Automatic;
				DEVELOPMENT_TEAM = 8T736HH745;
				INFOPLIST_FILE = EAScrollBarTests/Info.plist;
				LD_RUNPATH_SEARCH_PATHS = "$(inherited) @executable_path/Frameworks @loader_path/Frameworks";
				PRODUCT_BUNDLE_IDENTIFIER = ehudadler.EAScrollBarTests;
				PRODUCT_NAME = "$(TARGET_NAME)";
				SWIFT_VERSION = 4.0;
				TARGETED_DEVICE_FAMILY = "1,2";
			};
			name = Debug;
		};
		C06DE0A8202138FF004FDD55 /* Release */ = {
			isa = XCBuildConfiguration;
			buildSettings = {
				ALWAYS_EMBED_SWIFT_STANDARD_LIBRARIES = YES;
				CODE_SIGN_STYLE = Automatic;
				DEVELOPMENT_TEAM = 8T736HH745;
				INFOPLIST_FILE = EAScrollBarTests/Info.plist;
				LD_RUNPATH_SEARCH_PATHS = "$(inherited) @executable_path/Frameworks @loader_path/Frameworks";
				PRODUCT_BUNDLE_IDENTIFIER = ehudadler.EAScrollBarTests;
				PRODUCT_NAME = "$(TARGET_NAME)";
				SWIFT_VERSION = 4.0;
				TARGETED_DEVICE_FAMILY = "1,2";
			};
			name = Release;
		};
		C06DE0E220214C47004FDD55 /* Debug */ = {
			isa = XCBuildConfiguration;
			buildSettings = {
				ALWAYS_EMBED_SWIFT_STANDARD_LIBRARIES = YES;
				ASSETCATALOG_COMPILER_APPICON_NAME = AppIcon;
				CODE_SIGN_STYLE = Automatic;
				DEVELOPMENT_TEAM = 8T736HH745;
				INFOPLIST_FILE = "EAScrollBar-Example/Info.plist";
				IPHONEOS_DEPLOYMENT_TARGET = 10.0;
				LD_RUNPATH_SEARCH_PATHS = "$(inherited) @executable_path/Frameworks";
				PRODUCT_BUNDLE_IDENTIFIER = "ehudadler.EAScrollBar-Example";
				PRODUCT_NAME = "$(TARGET_NAME)";
				SWIFT_VERSION = 4.0;
				TARGETED_DEVICE_FAMILY = "1,2";
			};
			name = Debug;
		};
		C06DE0E320214C47004FDD55 /* Release */ = {
			isa = XCBuildConfiguration;
			buildSettings = {
				ALWAYS_EMBED_SWIFT_STANDARD_LIBRARIES = YES;
				ASSETCATALOG_COMPILER_APPICON_NAME = AppIcon;
				CODE_SIGN_STYLE = Automatic;
				DEVELOPMENT_TEAM = 8T736HH745;
				INFOPLIST_FILE = "EAScrollBar-Example/Info.plist";
				IPHONEOS_DEPLOYMENT_TARGET = 10.0;
				LD_RUNPATH_SEARCH_PATHS = "$(inherited) @executable_path/Frameworks";
				PRODUCT_BUNDLE_IDENTIFIER = "ehudadler.EAScrollBar-Example";
				PRODUCT_NAME = "$(TARGET_NAME)";
				SWIFT_VERSION = 4.0;
				TARGETED_DEVICE_FAMILY = "1,2";
			};
			name = Release;
		};
		C06DE0E520214C47004FDD55 /* Debug */ = {
			isa = XCBuildConfiguration;
			buildSettings = {
				ALWAYS_EMBED_SWIFT_STANDARD_LIBRARIES = YES;
				BUNDLE_LOADER = "$(TEST_HOST)";
				CODE_SIGN_STYLE = Automatic;
				DEVELOPMENT_TEAM = 8T736HH745;
				INFOPLIST_FILE = "EAScrollBar-ExampleTests/Info.plist";
				LD_RUNPATH_SEARCH_PATHS = "$(inherited) @executable_path/Frameworks @loader_path/Frameworks";
				PRODUCT_BUNDLE_IDENTIFIER = "ehudadler.EAScrollBar-ExampleTests";
				PRODUCT_NAME = "$(TARGET_NAME)";
				SWIFT_VERSION = 4.0;
				TARGETED_DEVICE_FAMILY = "1,2";
				TEST_HOST = "$(BUILT_PRODUCTS_DIR)/EAScrollBar-Example.app/EAScrollBar-Example";
			};
			name = Debug;
		};
		C06DE0E620214C47004FDD55 /* Release */ = {
			isa = XCBuildConfiguration;
			buildSettings = {
				ALWAYS_EMBED_SWIFT_STANDARD_LIBRARIES = YES;
				BUNDLE_LOADER = "$(TEST_HOST)";
				CODE_SIGN_STYLE = Automatic;
				DEVELOPMENT_TEAM = 8T736HH745;
				INFOPLIST_FILE = "EAScrollBar-ExampleTests/Info.plist";
				LD_RUNPATH_SEARCH_PATHS = "$(inherited) @executable_path/Frameworks @loader_path/Frameworks";
				PRODUCT_BUNDLE_IDENTIFIER = "ehudadler.EAScrollBar-ExampleTests";
				PRODUCT_NAME = "$(TARGET_NAME)";
				SWIFT_VERSION = 4.0;
				TARGETED_DEVICE_FAMILY = "1,2";
				TEST_HOST = "$(BUILT_PRODUCTS_DIR)/EAScrollBar-Example.app/EAScrollBar-Example";
			};
			name = Release;
		};
		C06DE0E820214C47004FDD55 /* Debug */ = {
			isa = XCBuildConfiguration;
			buildSettings = {
				ALWAYS_EMBED_SWIFT_STANDARD_LIBRARIES = YES;
				CODE_SIGN_STYLE = Automatic;
				DEVELOPMENT_TEAM = 8T736HH745;
				INFOPLIST_FILE = "EAScrollBar-ExampleUITests/Info.plist";
				LD_RUNPATH_SEARCH_PATHS = "$(inherited) @executable_path/Frameworks @loader_path/Frameworks";
				PRODUCT_BUNDLE_IDENTIFIER = "ehudadler.EAScrollBar-ExampleUITests";
				PRODUCT_NAME = "$(TARGET_NAME)";
				SWIFT_VERSION = 4.0;
				TARGETED_DEVICE_FAMILY = "1,2";
				TEST_TARGET_NAME = "EAScrollBar-Example";
			};
			name = Debug;
		};
		C06DE0E920214C47004FDD55 /* Release */ = {
			isa = XCBuildConfiguration;
			buildSettings = {
				ALWAYS_EMBED_SWIFT_STANDARD_LIBRARIES = YES;
				CODE_SIGN_STYLE = Automatic;
				DEVELOPMENT_TEAM = 8T736HH745;
				INFOPLIST_FILE = "EAScrollBar-ExampleUITests/Info.plist";
				LD_RUNPATH_SEARCH_PATHS = "$(inherited) @executable_path/Frameworks @loader_path/Frameworks";
				PRODUCT_BUNDLE_IDENTIFIER = "ehudadler.EAScrollBar-ExampleUITests";
				PRODUCT_NAME = "$(TARGET_NAME)";
				SWIFT_VERSION = 4.0;
				TARGETED_DEVICE_FAMILY = "1,2";
				TEST_TARGET_NAME = "EAScrollBar-Example";
			};
			name = Release;
		};
/* End XCBuildConfiguration section */

/* Begin XCConfigurationList section */
		C06DE089202138FF004FDD55 /* Build configuration list for PBXProject "EAScrollBar" */ = {
			isa = XCConfigurationList;
			buildConfigurations = (
				C06DE0A1202138FF004FDD55 /* Debug */,
				C06DE0A2202138FF004FDD55 /* Release */,
			);
			defaultConfigurationIsVisible = 0;
			defaultConfigurationName = Release;
		};
		C06DE0A3202138FF004FDD55 /* Build configuration list for PBXNativeTarget "EAScrollBar" */ = {
			isa = XCConfigurationList;
			buildConfigurations = (
				C06DE0A4202138FF004FDD55 /* Debug */,
				C06DE0A5202138FF004FDD55 /* Release */,
			);
			defaultConfigurationIsVisible = 0;
			defaultConfigurationName = Release;
		};
		C06DE0A6202138FF004FDD55 /* Build configuration list for PBXNativeTarget "EAScrollBarTests" */ = {
			isa = XCConfigurationList;
			buildConfigurations = (
				C06DE0A7202138FF004FDD55 /* Debug */,
				C06DE0A8202138FF004FDD55 /* Release */,
			);
			defaultConfigurationIsVisible = 0;
			defaultConfigurationName = Release;
		};
		C06DE0E120214C47004FDD55 /* Build configuration list for PBXNativeTarget "EAScrollBar-Example" */ = {
			isa = XCConfigurationList;
			buildConfigurations = (
				C06DE0E220214C47004FDD55 /* Debug */,
				C06DE0E320214C47004FDD55 /* Release */,
			);
			defaultConfigurationIsVisible = 0;
			defaultConfigurationName = Release;
		};
		C06DE0E420214C47004FDD55 /* Build configuration list for PBXNativeTarget "EAScrollBar-ExampleTests" */ = {
			isa = XCConfigurationList;
			buildConfigurations = (
				C06DE0E520214C47004FDD55 /* Debug */,
				C06DE0E620214C47004FDD55 /* Release */,
			);
			defaultConfigurationIsVisible = 0;
			defaultConfigurationName = Release;
		};
		C06DE0E720214C47004FDD55 /* Build configuration list for PBXNativeTarget "EAScrollBar-ExampleUITests" */ = {
			isa = XCConfigurationList;
			buildConfigurations = (
				C06DE0E820214C47004FDD55 /* Debug */,
				C06DE0E920214C47004FDD55 /* Release */,
			);
			defaultConfigurationIsVisible = 0;
			defaultConfigurationName = Release;
		};
/* End XCConfigurationList section */
	};
	rootObject = C06DE086202138FF004FDD55 /* Project object */;
}
